
Microsoft Visual Studio Solution File, Format Version 12.00
# Visual Studio Version 17
VisualStudioVersion = 17.2.32526.322
MinimumVisualStudioVersion = 10.0.40219.1
Project("{2150E333-8FDC-42A3-9474-1A3956D46DE8}") = "src", "src", "{B5499ED1-D9F6-4B8F-8B58-AE3CDF2349D3}"
EndProject
Project("{9A19103F-16F7-4668-BE54-9A1E7A4F7556}") = "Trolley", "src\Trolley\Trolley.csproj", "{9B79F20E-6AF4-44EF-965D-FBDA23AE15B8}"
EndProject
Project("{9A19103F-16F7-4668-BE54-9A1E7A4F7556}") = "Trolley.AspNetCore", "src\Trolley.AspNetCore\Trolley.AspNetCore.csproj", "{65BF4C89-09AF-42CD-A4CB-8A801FAE030C}"
EndProject
Project("{FAE04EC0-301F-11D3-BF4B-00C04F79EFBC}") = "Trolley.T4", "src\Trolley.T4\Trolley.T4.csproj", "{94927166-FE2D-420C-8D9D-9BF90148F4BD}"
EndProject
Project("{2150E333-8FDC-42A3-9474-1A3956D46DE8}") = "test", "test", "{139B7F3C-ABCC-4617-90D7-9279EFD8FC60}"
EndProject
Project("{9A19103F-16F7-4668-BE54-9A1E7A4F7556}") = "Trolley.WebApiTest", "test\Trolley.WebApiTest\Trolley.WebApiTest.csproj", "{8AA68AD7-730D-4055-8AEE-08CCA12C48F3}"
EndProject
Project("{9A19103F-16F7-4668-BE54-9A1E7A4F7556}") = "Trolley.Test", "test\Trolley.Test\Trolley.Test.csproj", "{35C14A66-EECB-490A-8958-5BB51932A339}"
EndProject
Project("{FAE04EC0-301F-11D3-BF4B-00C04F79EFBC}") = "ConsoleApp1", "ConsoleApp1\ConsoleApp1.csproj", "{B5BDCD46-42AA-4D94-82A1-11A98FF4ABE6}"
EndProject
Global
	GlobalSection(SolutionConfigurationPlatforms) = preSolution
		Debug|Any CPU = Debug|Any CPU
		Release|Any CPU = Release|Any CPU
	EndGlobalSection
	GlobalSection(ProjectConfigurationPlatforms) = postSolution
		{9B79F20E-6AF4-44EF-965D-FBDA23AE15B8}.Debug|Any CPU.ActiveCfg = Debug|Any CPU
		{9B79F20E-6AF4-44EF-965D-FBDA23AE15B8}.Debug|Any CPU.Build.0 = Debug|Any CPU
		{9B79F20E-6AF4-44EF-965D-FBDA23AE15B8}.Release|Any CPU.ActiveCfg = Release|Any CPU
		{9B79F20E-6AF4-44EF-965D-FBDA23AE15B8}.Release|Any CPU.Build.0 = Release|Any CPU
		{65BF4C89-09AF-42CD-A4CB-8A801FAE030C}.Debug|Any CPU.ActiveCfg = Debug|Any CPU
		{65BF4C89-09AF-42CD-A4CB-8A801FAE030C}.Debug|Any CPU.Build.0 = Debug|Any CPU
		{65BF4C89-09AF-42CD-A4CB-8A801FAE030C}.Release|Any CPU.ActiveCfg = Release|Any CPU
		{65BF4C89-09AF-42CD-A4CB-8A801FAE030C}.Release|Any CPU.Build.0 = Release|Any CPU
		{94927166-FE2D-420C-8D9D-9BF90148F4BD}.Debug|Any CPU.ActiveCfg = Debug|Any CPU
		{94927166-FE2D-420C-8D9D-9BF90148F4BD}.Debug|Any CPU.Build.0 = Debug|Any CPU
		{94927166-FE2D-420C-8D9D-9BF90148F4BD}.Release|Any CPU.ActiveCfg = Release|Any CPU
		{94927166-FE2D-420C-8D9D-9BF90148F4BD}.Release|Any CPU.Build.0 = Release|Any CPU
		{8AA68AD7-730D-4055-8AEE-08CCA12C48F3}.Debug|Any CPU.ActiveCfg = Debug|Any CPU
		{8AA68AD7-730D-4055-8AEE-08CCA12C48F3}.Debug|Any CPU.Build.0 = Debug|Any CPU
		{8AA68AD7-730D-4055-8AEE-08CCA12C48F3}.Release|Any CPU.ActiveCfg = Release|Any CPU
		{8AA68AD7-730D-4055-8AEE-08CCA12C48F3}.Release|Any CPU.Build.0 = Release|Any CPU
		{35C14A66-EECB-490A-8958-5BB51932A339}.Debug|Any CPU.ActiveCfg = Debug|Any CPU
		{35C14A66-EECB-490A-8958-5BB51932A339}.Debug|Any CPU.Build.0 = Debug|Any CPU
		{35C14A66-EECB-490A-8958-5BB51932A339}.Release|Any CPU.ActiveCfg = Release|Any CPU
		{35C14A66-EECB-490A-8958-5BB51932A339}.Release|Any CPU.Build.0 = Release|Any CPU
		{B5BDCD46-42AA-4D94-82A1-11A98FF4ABE6}.Debug|Any CPU.ActiveCfg = Debug|Any CPU
		{B5BDCD46-42AA-4D94-82A1-11A98FF4ABE6}.Debug|Any CPU.Build.0 = Debug|Any CPU
		{B5BDCD46-42AA-4D94-82A1-11A98FF4ABE6}.Release|Any CPU.ActiveCfg = Release|Any CPU
		{B5BDCD46-42AA-4D94-82A1-11A98FF4ABE6}.Release|Any CPU.Build.0 = Release|Any CPU
	EndGlobalSection
	GlobalSection(SolutionProperties) = preSolution
		HideSolutionNode = FALSE
	EndGlobalSection
	GlobalSection(NestedProjects) = preSolution
		{9B79F20E-6AF4-44EF-965D-FBDA23AE15B8} = {B5499ED1-D9F6-4B8F-8B58-AE3CDF2349D3}
		{65BF4C89-09AF-42CD-A4CB-8A801FAE030C} = {B5499ED1-D9F6-4B8F-8B58-AE3CDF2349D3}
		{94927166-FE2D-420C-8D9D-9BF90148F4BD} = {B5499ED1-D9F6-4B8F-8B58-AE3CDF2349D3}
		{8AA68AD7-730D-4055-8AEE-08CCA12C48F3} = {139B7F3C-ABCC-4617-90D7-9279EFD8FC60}
		{35C14A66-EECB-490A-8958-5BB51932A339} = {139B7F3C-ABCC-4617-90D7-9279EFD8FC60}
		{B5BDCD46-42AA-4D94-82A1-11A98FF4ABE6} = {139B7F3C-ABCC-4617-90D7-9279EFD8FC60}
	EndGlobalSection
	GlobalSection(ExtensibilityGlobals) = postSolution
		SolutionGuid = {9B4885C8-EC3C-46CC-9707-F16E2FCE8D2D}
	EndGlobalSection
EndGlobal
