
Microsoft Visual Studio Solution File, Format Version 12.00
# Visual Studio Version 17
VisualStudioVersion = 17.2.32526.322
MinimumVisualStudioVersion = 10.0.40219.1
Project("{2150E333-8FDC-42A3-9474-1A3956D46DE8}") = "src", "src", "{B5499ED1-D9F6-4B8F-8B58-AE3CDF2349D3}"
EndProject
Project("{9A19103F-16F7-4668-BE54-9A1E7A4F7556}") = "Trolley", "src\Trolley\Trolley.csproj", "{9B79F20E-6AF4-44EF-965D-FBDA23AE15B8}"
EndProject
Project("{FAE04EC0-301F-11D3-BF4B-00C04F79EFBC}") = "Trolley.T4", "src\Trolley.T4\Trolley.T4.csproj", "{94927166-FE2D-420C-8D9D-9BF90148F4BD}"
EndProject
Project("{2150E333-8FDC-42A3-9474-1A3956D46DE8}") = "test", "test", "{139B7F3C-ABCC-4617-90D7-9279EFD8FC60}"
EndProject
Project("{9A19103F-16F7-4668-BE54-9A1E7A4F7556}") = "Trolley.Test", "test\Trolley.Test\Trolley.Test.csproj", "{35C14A66-EECB-490A-8958-5BB51932A339}"
EndProject
Project("{9A19103F-16F7-4668-BE54-9A1E7A4F7556}") = "Trolley.MySqlConnector", "src\Trolley.MySqlConnector\Trolley.MySqlConnector.csproj", "{79C6A1C3-9AF7-4521-9153-25F2C6C79195}"
EndProject
Project("{9A19103F-16F7-4668-BE54-9A1E7A4F7556}") = "Trolley.SqlServer", "src\Trolley.SqlServer\Trolley.SqlServer.csproj", "{E4CBBDCB-A02C-4FE3-AC00-6378DE164947}"
EndProject
Project("{9A19103F-16F7-4668-BE54-9A1E7A4F7556}") = "Trolley.Test.MySqlConnector", "test\Trolley.Test.MySqlConnector\Trolley.Test.MySqlConnector.csproj", "{564B9B61-48F9-4A2D-9F95-5BD36F9118F7}"
EndProject
Project("{9A19103F-16F7-4668-BE54-9A1E7A4F7556}") = "Trolley.Test.SqlServer", "test\Trolley.Test.SqlServer\Trolley.Test.SqlServer.csproj", "{F9C47456-09F3-4955-A688-FA5C72F94900}"
EndProject
Project("{9A19103F-16F7-4668-BE54-9A1E7A4F7556}") = "Trolley.Test.PostgreSql", "test\Trolley.Test.PostgreSql\Trolley.Test.PostgreSql.csproj", "{BD6E9BA4-AC83-488A-BB29-67766FEEA82E}"
EndProject
Project("{9A19103F-16F7-4668-BE54-9A1E7A4F7556}") = "Trolley.PostgreSql", "src\Trolley.PostgreSql\Trolley.PostgreSql.csproj", "{AD06F271-C91A-434F-B25B-8FB14F6F388C}"
EndProject
Global
	GlobalSection(SolutionConfigurationPlatforms) = preSolution
		Debug|Any CPU = Debug|Any CPU
		Release|Any CPU = Release|Any CPU
	EndGlobalSection
	GlobalSection(ProjectConfigurationPlatforms) = postSolution
		{9B79F20E-6AF4-44EF-965D-FBDA23AE15B8}.Debug|Any CPU.ActiveCfg = Debug|Any CPU
		{9B79F20E-6AF4-44EF-965D-FBDA23AE15B8}.Debug|Any CPU.Build.0 = Debug|Any CPU
		{9B79F20E-6AF4-44EF-965D-FBDA23AE15B8}.Release|Any CPU.ActiveCfg = Release|Any CPU
		{9B79F20E-6AF4-44EF-965D-FBDA23AE15B8}.Release|Any CPU.Build.0 = Release|Any CPU
		{94927166-FE2D-420C-8D9D-9BF90148F4BD}.Debug|Any CPU.ActiveCfg = Debug|Any CPU
		{94927166-FE2D-420C-8D9D-9BF90148F4BD}.Debug|Any CPU.Build.0 = Debug|Any CPU
		{94927166-FE2D-420C-8D9D-9BF90148F4BD}.Release|Any CPU.ActiveCfg = Release|Any CPU
		{94927166-FE2D-420C-8D9D-9BF90148F4BD}.Release|Any CPU.Build.0 = Release|Any CPU
		{35C14A66-EECB-490A-8958-5BB51932A339}.Debug|Any CPU.ActiveCfg = Debug|Any CPU
		{35C14A66-EECB-490A-8958-5BB51932A339}.Debug|Any CPU.Build.0 = Debug|Any CPU
		{35C14A66-EECB-490A-8958-5BB51932A339}.Release|Any CPU.ActiveCfg = Release|Any CPU
		{35C14A66-EECB-490A-8958-5BB51932A339}.Release|Any CPU.Build.0 = Release|Any CPU
		{79C6A1C3-9AF7-4521-9153-25F2C6C79195}.Debug|Any CPU.ActiveCfg = Debug|Any CPU
		{79C6A1C3-9AF7-4521-9153-25F2C6C79195}.Debug|Any CPU.Build.0 = Debug|Any CPU
		{79C6A1C3-9AF7-4521-9153-25F2C6C79195}.Release|Any CPU.ActiveCfg = Release|Any CPU
		{79C6A1C3-9AF7-4521-9153-25F2C6C79195}.Release|Any CPU.Build.0 = Release|Any CPU
		{E4CBBDCB-A02C-4FE3-AC00-6378DE164947}.Debug|Any CPU.ActiveCfg = Debug|Any CPU
		{E4CBBDCB-A02C-4FE3-AC00-6378DE164947}.Debug|Any CPU.Build.0 = Debug|Any CPU
		{E4CBBDCB-A02C-4FE3-AC00-6378DE164947}.Release|Any CPU.ActiveCfg = Release|Any CPU
		{E4CBBDCB-A02C-4FE3-AC00-6378DE164947}.Release|Any CPU.Build.0 = Release|Any CPU
		{564B9B61-48F9-4A2D-9F95-5BD36F9118F7}.Debug|Any CPU.ActiveCfg = Debug|Any CPU
		{564B9B61-48F9-4A2D-9F95-5BD36F9118F7}.Debug|Any CPU.Build.0 = Debug|Any CPU
		{564B9B61-48F9-4A2D-9F95-5BD36F9118F7}.Release|Any CPU.ActiveCfg = Release|Any CPU
		{564B9B61-48F9-4A2D-9F95-5BD36F9118F7}.Release|Any CPU.Build.0 = Release|Any CPU
		{F9C47456-09F3-4955-A688-FA5C72F94900}.Debug|Any CPU.ActiveCfg = Debug|Any CPU
		{F9C47456-09F3-4955-A688-FA5C72F94900}.Debug|Any CPU.Build.0 = Debug|Any CPU
		{F9C47456-09F3-4955-A688-FA5C72F94900}.Release|Any CPU.ActiveCfg = Release|Any CPU
		{F9C47456-09F3-4955-A688-FA5C72F94900}.Release|Any CPU.Build.0 = Release|Any CPU
		{BD6E9BA4-AC83-488A-BB29-67766FEEA82E}.Debug|Any CPU.ActiveCfg = Debug|Any CPU
		{BD6E9BA4-AC83-488A-BB29-67766FEEA82E}.Debug|Any CPU.Build.0 = Debug|Any CPU
		{BD6E9BA4-AC83-488A-BB29-67766FEEA82E}.Release|Any CPU.ActiveCfg = Release|Any CPU
		{BD6E9BA4-AC83-488A-BB29-67766FEEA82E}.Release|Any CPU.Build.0 = Release|Any CPU
		{AD06F271-C91A-434F-B25B-8FB14F6F388C}.Debug|Any CPU.ActiveCfg = Debug|Any CPU
		{AD06F271-C91A-434F-B25B-8FB14F6F388C}.Debug|Any CPU.Build.0 = Debug|Any CPU
		{AD06F271-C91A-434F-B25B-8FB14F6F388C}.Release|Any CPU.ActiveCfg = Release|Any CPU
		{AD06F271-C91A-434F-B25B-8FB14F6F388C}.Release|Any CPU.Build.0 = Release|Any CPU
	EndGlobalSection
	GlobalSection(SolutionProperties) = preSolution
		HideSolutionNode = FALSE
	EndGlobalSection
	GlobalSection(NestedProjects) = preSolution
		{9B79F20E-6AF4-44EF-965D-FBDA23AE15B8} = {B5499ED1-D9F6-4B8F-8B58-AE3CDF2349D3}
		{94927166-FE2D-420C-8D9D-9BF90148F4BD} = {B5499ED1-D9F6-4B8F-8B58-AE3CDF2349D3}
		{35C14A66-EECB-490A-8958-5BB51932A339} = {139B7F3C-ABCC-4617-90D7-9279EFD8FC60}
		{79C6A1C3-9AF7-4521-9153-25F2C6C79195} = {B5499ED1-D9F6-4B8F-8B58-AE3CDF2349D3}
		{E4CBBDCB-A02C-4FE3-AC00-6378DE164947} = {B5499ED1-D9F6-4B8F-8B58-AE3CDF2349D3}
		{564B9B61-48F9-4A2D-9F95-5BD36F9118F7} = {139B7F3C-ABCC-4617-90D7-9279EFD8FC60}
		{F9C47456-09F3-4955-A688-FA5C72F94900} = {139B7F3C-ABCC-4617-90D7-9279EFD8FC60}
		{BD6E9BA4-AC83-488A-BB29-67766FEEA82E} = {139B7F3C-ABCC-4617-90D7-9279EFD8FC60}
		{AD06F271-C91A-434F-B25B-8FB14F6F388C} = {B5499ED1-D9F6-4B8F-8B58-AE3CDF2349D3}
	EndGlobalSection
	GlobalSection(ExtensibilityGlobals) = postSolution
		SolutionGuid = {9B4885C8-EC3C-46CC-9707-F16E2FCE8D2D}
	EndGlobalSection
EndGlobal
